schema: '2.0'
stages:
  data_ingestion:
    cmd: python src/data/data_ingestion.py
    deps:
    - path: src/data/data_ingestion.py
      hash: md5
      md5: cab6dc2381b17010879c554ce8bffd1d
      size: 1728
    outs:
    - path: data/raw
      hash: md5
      md5: 73da1cdb49df823788cc618b3d194d83.dir
      size: 38097
      nfiles: 2
