schema: '2.0'
stages:
  data_ingestion:
    cmd: python src/data/data_ingestion.py
    deps:
    - path: src/data/data_ingestion.py
      hash: md5
      md5: cab6dc2381b17010879c554ce8bffd1d
      size: 1728
    outs:
    - path: data/raw
      hash: md5
      md5: 73da1cdb49df823788cc618b3d194d83.dir
      size: 38097
      nfiles: 2
  data_validation:
    cmd: python src/data/data_validation.py
    deps:
    - path: data/raw
      hash: md5
      md5: 73da1cdb49df823788cc618b3d194d83.dir
      size: 38097
      nfiles: 2
    - path: src/data/data_validation.py
      hash: md5
      md5: 77d7cdd2dc4a6484d3f6d04e49c6aed4
      size: 1445
    outs:
    - path: data/processed
      hash: md5
      md5: bfc107bde5765fb1208cec6a1d9865a3.dir
      size: 31029
      nfiles: 2
  model_building:
    cmd: python src/model/model_building.py
    deps:
    - path: data/processed
      hash: md5
      md5: bfc107bde5765fb1208cec6a1d9865a3.dir
      size: 31029
      nfiles: 2
    - path: src/model/model_building.py
      hash: md5
      md5: a062e32bda4738a571448e9107a6bfb5
      size: 2046
    outs:
    - path: model.pkl
      hash: md5
      md5: 3059b9e1312d8ed770c9e37c3ae89342
      size: 8098322
  model_evaluation:
    cmd: python src/model/model_evaluation.py
    deps:
    - path: model.pkl
      hash: md5
      md5: 3059b9e1312d8ed770c9e37c3ae89342
      size: 8098322
    - path: src/model/model_evaluation.py
      hash: md5
      md5: 28aba2137ab8907a44558898188b74af
      size: 1396
    outs:
    - path: metrics.json
      hash: md5
      md5: 5a8966f641e11d09a8b0c8e896eb8eb0
      size: 316
